
Microsoft Visual Studio Solution File, Format Version 12.00
# Visual Studio Version 16
VisualStudioVersion = 16.0.30717.126
MinimumVisualStudioVersion = 10.0.40219.1
Project("{9A19103F-16F7-4668-BE54-9A1E7A4F7556}") = "Forum.Web", "Forum.Web\Forum.Web.csproj", "{613699F6-21B7-4609-B8DB-E7FE0DFB8F6E}"
EndProject
Project("{9A19103F-16F7-4668-BE54-9A1E7A4F7556}") = "Forum.Core", "Forum.Core\Forum.Core.csproj", "{3AD63F35-AB96-4DF1-B46A-B71EC62C8CDF}"
EndProject
Project("{9A19103F-16F7-4668-BE54-9A1E7A4F7556}") = "Forum.Data", "Forum.Data\Forum.Data.csproj", "{1EEC0C29-64AB-47A2-A711-1A3D00A77770}"
EndProject
Project("{9A19103F-16F7-4668-BE54-9A1E7A4F7556}") = "Forum.Domain.Implementation", "Forum.Domain.Implementation\Forum.Domain.Implementation.csproj", "{627B12B7-59C4-408E-9B04-C1A4E8CB0182}"
EndProject
Project("{9A19103F-16F7-4668-BE54-9A1E7A4F7556}") = "Forum.Domain.Interface", "Forum.Domain.Interface\Forum.Domain.Interface.csproj", "{719E24B5-190F-491D-9EDE-12C1D685ADEC}"
EndProject
Project("{9A19103F-16F7-4668-BE54-9A1E7A4F7556}") = "Forum.Transfer", "Forum.Transfer\Forum.Transfer.csproj", "{2751F94E-58F2-4C9D-B528-826795EE8F1B}"
EndProject
Project("{9A19103F-16F7-4668-BE54-9A1E7A4F7556}") = "Forum.Handler", "Forum.Handler\Forum.Handler.csproj", "{AFD9D05E-617D-4E47-A7C9-A921E26615CD}"
EndProject
Project("{9A19103F-16F7-4668-BE54-9A1E7A4F7556}") = "Forum.Test", "Forum.Test\Forum.Test.csproj", "{98B3E07D-2377-4215-B68E-A0924851ED75}"
EndProject
Project("{FAE04EC0-301F-11D3-BF4B-00C04F79EFBC}") = "Forum.Scheduling", "Forum.Scheduling\Forum.Scheduling.csproj", "{A1B9B61A-B2C0-4366-9936-688A71DA09B9}"
EndProject
Global
	GlobalSection(SolutionConfigurationPlatforms) = preSolution
		Debug|Any CPU = Debug|Any CPU
		Release|Any CPU = Release|Any CPU
	EndGlobalSection
	GlobalSection(ProjectConfigurationPlatforms) = postSolution
		{613699F6-21B7-4609-B8DB-E7FE0DFB8F6E}.Debug|Any CPU.ActiveCfg = Debug|Any CPU
		{613699F6-21B7-4609-B8DB-E7FE0DFB8F6E}.Debug|Any CPU.Build.0 = Debug|Any CPU
		{613699F6-21B7-4609-B8DB-E7FE0DFB8F6E}.Release|Any CPU.ActiveCfg = Release|Any CPU
		{613699F6-21B7-4609-B8DB-E7FE0DFB8F6E}.Release|Any CPU.Build.0 = Release|Any CPU
		{3AD63F35-AB96-4DF1-B46A-B71EC62C8CDF}.Debug|Any CPU.ActiveCfg = Debug|Any CPU
		{3AD63F35-AB96-4DF1-B46A-B71EC62C8CDF}.Debug|Any CPU.Build.0 = Debug|Any CPU
		{3AD63F35-AB96-4DF1-B46A-B71EC62C8CDF}.Release|Any CPU.ActiveCfg = Release|Any CPU
		{3AD63F35-AB96-4DF1-B46A-B71EC62C8CDF}.Release|Any CPU.Build.0 = Release|Any CPU
		{1EEC0C29-64AB-47A2-A711-1A3D00A77770}.Debug|Any CPU.ActiveCfg = Debug|Any CPU
		{1EEC0C29-64AB-47A2-A711-1A3D00A77770}.Debug|Any CPU.Build.0 = Debug|Any CPU
		{1EEC0C29-64AB-47A2-A711-1A3D00A77770}.Release|Any CPU.ActiveCfg = Release|Any CPU
		{1EEC0C29-64AB-47A2-A711-1A3D00A77770}.Release|Any CPU.Build.0 = Release|Any CPU
		{627B12B7-59C4-408E-9B04-C1A4E8CB0182}.Debug|Any CPU.ActiveCfg = Debug|Any CPU
		{627B12B7-59C4-408E-9B04-C1A4E8CB0182}.Debug|Any CPU.Build.0 = Debug|Any CPU
		{627B12B7-59C4-408E-9B04-C1A4E8CB0182}.Release|Any CPU.ActiveCfg = Release|Any CPU
		{627B12B7-59C4-408E-9B04-C1A4E8CB0182}.Release|Any CPU.Build.0 = Release|Any CPU
		{719E24B5-190F-491D-9EDE-12C1D685ADEC}.Debug|Any CPU.ActiveCfg = Debug|Any CPU
		{719E24B5-190F-491D-9EDE-12C1D685ADEC}.Debug|Any CPU.Build.0 = Debug|Any CPU
		{719E24B5-190F-491D-9EDE-12C1D685ADEC}.Release|Any CPU.ActiveCfg = Release|Any CPU
		{719E24B5-190F-491D-9EDE-12C1D685ADEC}.Release|Any CPU.Build.0 = Release|Any CPU
		{2751F94E-58F2-4C9D-B528-826795EE8F1B}.Debug|Any CPU.ActiveCfg = Debug|Any CPU
		{2751F94E-58F2-4C9D-B528-826795EE8F1B}.Debug|Any CPU.Build.0 = Debug|Any CPU
		{2751F94E-58F2-4C9D-B528-826795EE8F1B}.Release|Any CPU.ActiveCfg = Release|Any CPU
		{2751F94E-58F2-4C9D-B528-826795EE8F1B}.Release|Any CPU.Build.0 = Release|Any CPU
		{AFD9D05E-617D-4E47-A7C9-A921E26615CD}.Debug|Any CPU.ActiveCfg = Debug|Any CPU
		{AFD9D05E-617D-4E47-A7C9-A921E26615CD}.Debug|Any CPU.Build.0 = Debug|Any CPU
		{AFD9D05E-617D-4E47-A7C9-A921E26615CD}.Release|Any CPU.ActiveCfg = Release|Any CPU
		{AFD9D05E-617D-4E47-A7C9-A921E26615CD}.Release|Any CPU.Build.0 = Release|Any CPU
		{98B3E07D-2377-4215-B68E-A0924851ED75}.Debug|Any CPU.ActiveCfg = Debug|Any CPU
		{98B3E07D-2377-4215-B68E-A0924851ED75}.Debug|Any CPU.Build.0 = Debug|Any CPU
		{98B3E07D-2377-4215-B68E-A0924851ED75}.Release|Any CPU.ActiveCfg = Release|Any CPU
		{98B3E07D-2377-4215-B68E-A0924851ED75}.Release|Any CPU.Build.0 = Release|Any CPU
		{A1B9B61A-B2C0-4366-9936-688A71DA09B9}.Debug|Any CPU.ActiveCfg = Debug|Any CPU
		{A1B9B61A-B2C0-4366-9936-688A71DA09B9}.Debug|Any CPU.Build.0 = Debug|Any CPU
		{A1B9B61A-B2C0-4366-9936-688A71DA09B9}.Release|Any CPU.ActiveCfg = Release|Any CPU
		{A1B9B61A-B2C0-4366-9936-688A71DA09B9}.Release|Any CPU.Build.0 = Release|Any CPU
	EndGlobalSection
	GlobalSection(SolutionProperties) = preSolution
		HideSolutionNode = FALSE
	EndGlobalSection
	GlobalSection(ExtensibilityGlobals) = postSolution
		SolutionGuid = {F7BD4BEA-B14D-49AF-812A-680F72F75810}
	EndGlobalSection
EndGlobal
